
Microsoft Visual Studio Solution File, Format Version 12.00
# Visual Studio 15
VisualStudioVersion = 15.0.28307.572
MinimumVisualStudioVersion = 10.0.40219.1
Project("{FAE04EC0-301F-11D3-BF4B-00C04F79EFBC}") = "GameReference", "GameReference\GameReference.csproj", "{995AE707-FB09-4E30-910B-9C455BA05D46}"
EndProject
Global
	GlobalSection(SolutionConfigurationPlatforms) = preSolution
		Debug|Any CPU = Debug|Any CPU
		Release|Any CPU = Release|Any CPU
	EndGlobalSection
	GlobalSection(ProjectConfigurationPlatforms) = postSolution
		{995AE707-FB09-4E30-910B-9C455BA05D46}.Debug|Any CPU.ActiveCfg = Debug|Any CPU
		{995AE707-FB09-4E30-910B-9C455BA05D46}.Debug|Any CPU.Build.0 = Debug|Any CPU
		{995AE707-FB09-4E30-910B-9C455BA05D46}.Release|Any CPU.ActiveCfg = Release|Any CPU
		{995AE707-FB09-4E30-910B-9C455BA05D46}.Release|Any CPU.Build.0 = Release|Any CPU
	EndGlobalSection
	GlobalSection(SolutionProperties) = preSolution
		HideSolutionNode = FALSE
	EndGlobalSection
	GlobalSection(ExtensibilityGlobals) = postSolution
		SolutionGuid = {41C3BE08-390F-40FA-A895-7B7852DE8774}
	EndGlobalSection
EndGlobal
